{
    "_meta": {
        "hash": {
            "sha256": "ac1789e2c80282a162b1bcebd4312bab3e207945be06677d688dc0b57f1f8eb0"
        },
        "pipfile-spec": 6,
        "requires": {
            "python_version": "3.11"
        },
        "sources": [
            {
                "name": "pypi",
                "url": "https://pypi.org/simple",
                "verify_ssl": true
            }
        ]
    },
    "default": {
        "pygame": {
            "hashes": [
                "sha256:0554e78a035f14ac81c364a820076c078cd723a00cd3253da0fa1a9000bf6cc3",
                "sha256:07c6c4f2e5d82001545ec789c7846b2209ebeb3079ea27e73bfc2d878fd7cce6",
                "sha256:08c45e05d83129a5b773ca1efe64b536d3ecbc26354faf4d41f0c6a3bab8800b",
                "sha256:118f550b12f6174d3fcbd2220381c8a4b9f30b67893dbb37e62e4b73b759c329",
                "sha256:1bfbccf44bf3787becc6460bdefc2117d233e635adb879d09e4ce22f2bf7c47f",
                "sha256:208d6fc9e9abd87f86ac04d5e118203a58f381cdd02d9fe23d0dbc3825791181",
                "sha256:20cad1b05dd6658317a391094c9a8d02de691e130be834affe440cf73da6dae9",
                "sha256:2195d9370f9126496c63fa2c84215f4a9d3d7085e0ee98067a694cafa2b5be4d",
                "sha256:288092e79a1e60f0758b073e055e739e5f14945d4a4384faf250be46260c61a1",
                "sha256:2abe5295df933e14ef234dcc14486e8a4843b3fc784a6cce627177546a8afa73",
                "sha256:2c88cfa5c0adcb9755818fab8607d04af79a9f6aa596f89e08ad2fcd735d29e5",
                "sha256:2f0779a985d8408daea35db8f5406cab4369fed4fc20d64e40a28ab178c34c43",
                "sha256:2fbea89ad0ce79abff3d9d42349cf2726a971e22de90099f93a8de1eca9eaeea",
                "sha256:386463dd493024bb7043b7881c31d0311985eef09b713d40ab6015782970f4be",
                "sha256:3d3a359f4945ed7801e172ae05d6692d8caf819cd2d55a496479b1be7388b78a",
                "sha256:423f7befb7d9b0edf1aa4ad57c136a88edb1a23a42190c646e23d4657476b289",
                "sha256:4394ebb09d53bfae026568c132e6fd48c0141f1a0681bb5183b6e24ac0acf8b1",
                "sha256:498f8a546f66fe909f2d24f0cac410af3e974bf0b67e2d7915344667ef460bf5",
                "sha256:4f0961189e8bbb1ebd278f14b7170ec324f57d25217b23562917dca590ded78a",
                "sha256:51c65812a671f871a407a7d1c837db79e00289a0c81a42ffedeb758490164a7c",
                "sha256:5265af53e7aa409756ac0cde3affcb359338e1e5247e164f4d150db0a301db69",
                "sha256:59ba0b9a7760ac90369cfbc42484d3faf880c1f1b70078919f2f1b5b79fd47f9",
                "sha256:5e3d0b95edb998468895d629477acac279068762aa39680aab89362e0cc92724",
                "sha256:64fff3f68fa24aa12240973b115b1bdd19954ad111c09e78741470d32d735143",
                "sha256:67ec337ecd6b066df7f98fc18d84f0a5f4071fcfb41f1d2213aed9696d50c576",
                "sha256:6f9ae55ca168793c518c110e210ceb69b35774583b27c95da75364be733d219d",
                "sha256:77d1feffbfa65469417755f38bf83921740de0c0bc5b99cc598e1e3b198339eb",
                "sha256:7fa10c184fa27abd1f0acbf36a7bc0ea3250f09ddcaa77b739fc9fdc92294af8",
                "sha256:874b9401e509fe3760d077b21aa8adaa7e0abf088616a3303e52fc8908cc3d0f",
                "sha256:8b7799d2e9232fa53ab2f8a64302e48d0f3e3d011da58f175f57f27c9d26602a",
                "sha256:8db064bf207cf4418346683bc8d415c9afee4fc9b2c57b7f81d7ce109250319b",
                "sha256:8fef8e98224d18ce71ac253be9d9c691bdcde4324f5ccb116aad236088f376e1",
                "sha256:92021bead9f23cf0b61075ed5f36bc3f026736358f157523bfa417578c0bbb2a",
                "sha256:94d98328e73d56be35cc3ae8e31f9d95fbce4f3dca6a74f05c58f4c5ef18c33d",
                "sha256:99668465fde865422018100b40c0e9b2a090df36f7af60a3eed442a2cf3751aa",
                "sha256:9b1dbb68f470539c862b38918e3227b0393323a4cac966d8144eeb8209ceeba1",
                "sha256:9ef7a284351ddeedda8becc039b8264117205bd0938bb3ea31a6edbb026d5fba",
                "sha256:a16acba14182c0528b549d6ff2fbb25016d16dd0141198603816333f03fbfbca",
                "sha256:a5aa2eae4f405eb29cfabb70f6d31277ed27028a23acc33cb3b7a29eef66c5a6",
                "sha256:afaa7c48426a99cbb8c0316e032616c695c3fe802e42851d885179e023656013",
                "sha256:b44c9e8a6705b9d4f817a7dcf0d44a7a6bf9d933fd3a915ec5ab49e8c3fff6b1",
                "sha256:bbebfa40273272091f788d42a79c68172be673a2110fe8de269a9069c84b4c92",
                "sha256:bceaa40f6f0b11427a9f555b93acac0ef992558855d64d9dd594f218c68456af",
                "sha256:bee952258627645c79d6f25bb0c9c7e2444276248f72d62a3d20e34d9a168fb5",
                "sha256:c12e89a4267ddb8c32d70e57c6bcdcb834008227eeb18b6e74cafdb812553f59",
                "sha256:c4136a391edf49c7ec4375c4eb1bf6f102e1fd8976d41f7e67f662a621dc5a93",
                "sha256:c4df48d75922d32209fe7da6e536e9303ff979cc63c497453b192ca56a0da13a",
                "sha256:c9dfca6c86bc2c21a59216e400da625cbd3cefc158c2961c2d85a479a0376ac7",
                "sha256:cbaf1933c7142ae5da08f74a3b7e721d067058b7da99823e8284e08563befddb",
                "sha256:d118a4a586fcc77f0e0a54e72d8c46d1300b8ee51d0b52a599f6183f69d67f9a",
                "sha256:d17fbc146baea042d7be788790d5b1ca24dc63150076c84f7a6cd57b4f2fa8f2",
                "sha256:db2a3c96fcecf0b4fdff110d735d7741b651771b59afb8af3a252ca8714deea9",
                "sha256:ddb302876526c9fd7d8fd373c5b6800d38ccdedf6703a71bbc4ddf9bad25e205",
                "sha256:dfb92bf1b82873935019d735c2d628e8ab7d7564debfa1180075f0cd23d20277",
                "sha256:e1b6367bfc79ddea1407601dfa5bf760f83dff37fd8d2d5ff52b33c2bb3a9057",
                "sha256:e2391fb7c0e5e355330a03d2cb21bb7bb1f124e613a480ca0c9eb1d83c922fa4",
                "sha256:e39a6bb0c8354cde3e7a83eff165f555d554122b783fd2cd25f29e23dcb30a60",
                "sha256:ea8135b923ef31d339e7d38ea033eb35ce77bc511c5bf7772569eb8358aa0c8d",
                "sha256:ec810d413e218a7c13c949aee43e72f6a3a3272ec55b609dedda658976f462ed",
                "sha256:eea90cb2bc552becc667f69b0c263b96a698d2403288eac95c5b2555b82cfbf8",
                "sha256:f37ecfb4be8b4d88fac0ea475033c624a19c7e852bbfe7f1ebf7298a25d9514b",
                "sha256:f3f6c16c92124b9b32479184a019aed05e9908d57f2718332d5cfb194e42739f",
                "sha256:fbf45549d6175a0669741bec3b6aba4ef991f805f95541cccc153a418f3f58bf",
                "sha256:fd25a3222f7df5e02d4a6c542008fd5db8784923e6133ab4f8d514eec4c260f1",
                "sha256:fed249eef5dbfb6044a4cac3e0d658b032738f28939b44dbba63008f4e5647c1",
                "sha256:fef57938cb733d11495377bb35e29e8b26ba08299d7026ac7c271a4f37d0e478"
            ],
            "index": "pypi",
            "version": "==2.1.3.dev8"
        }
    },
    "develop": {}
}
